
Microsoft Visual Studio Solution File, Format Version 12.00
# Visual Studio Version 16
VisualStudioVersion = 16.0.29009.5
MinimumVisualStudioVersion = 10.0.40219.1
Project("{FAE04EC0-301F-11D3-BF4B-00C04F79EFBC}") = "WebApplication1", "WebApplication1\WebApplication1.csproj", "{54F2B974-09B1-47E3-B9D4-420C7059EEC2}"
EndProject
Global
	GlobalSection(SolutionConfigurationPlatforms) = preSolution
		Debug|Any CPU = Debug|Any CPU
		Release|Any CPU = Release|Any CPU
	EndGlobalSection
	GlobalSection(ProjectConfigurationPlatforms) = postSolution
		{54F2B974-09B1-47E3-B9D4-420C7059EEC2}.Debug|Any CPU.ActiveCfg = Debug|Any CPU
		{54F2B974-09B1-47E3-B9D4-420C7059EEC2}.Debug|Any CPU.Build.0 = Debug|Any CPU
		{54F2B974-09B1-47E3-B9D4-420C7059EEC2}.Release|Any CPU.ActiveCfg = Release|Any CPU
		{54F2B974-09B1-47E3-B9D4-420C7059EEC2}.Release|Any CPU.Build.0 = Release|Any CPU
	EndGlobalSection
	GlobalSection(SolutionProperties) = preSolution
		HideSolutionNode = FALSE
	EndGlobalSection
	GlobalSection(ExtensibilityGlobals) = postSolution
		SolutionGuid = {4733C8BF-CA91-44C1-94C4-9458C77E2955}
	EndGlobalSection
EndGlobal
